
Microsoft Visual Studio Solution File, Format Version 11.00
# Visual Web Developer Express 2010
Project("{FAE04EC0-301F-11D3-BF4B-00C04F79EFBC}") = "SpatialTutorial", "SpatialTutorial.csproj", "{25E4951A-4552-42C7-8F4F-E95A92543129}"
EndProject
Global
	GlobalSection(SolutionConfigurationPlatforms) = preSolution
		Debug|Any CPU = Debug|Any CPU
		Release|Any CPU = Release|Any CPU
	EndGlobalSection
	GlobalSection(ProjectConfigurationPlatforms) = postSolution
		{25E4951A-4552-42C7-8F4F-E95A92543129}.Debug|Any CPU.ActiveCfg = Debug|Any CPU
		{25E4951A-4552-42C7-8F4F-E95A92543129}.Debug|Any CPU.Build.0 = Debug|Any CPU
		{25E4951A-4552-42C7-8F4F-E95A92543129}.Release|Any CPU.ActiveCfg = Release|Any CPU
		{25E4951A-4552-42C7-8F4F-E95A92543129}.Release|Any CPU.Build.0 = Release|Any CPU
	EndGlobalSection
	GlobalSection(SolutionProperties) = preSolution
		HideSolutionNode = FALSE
	EndGlobalSection
EndGlobal
